
Microsoft Visual Studio Solution File, Format Version 12.00
# Visual Studio 15
Project("{FAE04EC0-301F-11D3-BF4B-00C04F79EFBC}") = "Assembly-CSharp", "Assembly-CSharp.csproj", "{9D0C6A70-1289-401A-3604-2F76492ECABC}"
EndProject
Project("{FAE04EC0-301F-11D3-BF4B-00C04F79EFBC}") = "Assembly-CSharp-Editor-firstpass", "Assembly-CSharp-Editor-firstpass.csproj", "{9EE736D2-A88B-620D-B0A2-73A18A0107B0}"
EndProject
Project("{FAE04EC0-301F-11D3-BF4B-00C04F79EFBC}") = "Assembly-CSharp-firstpass", "Assembly-CSharp-firstpass.csproj", "{7C2C0858-5604-7F0B-9176-7981F0525BAF}"
EndProject
Global
	GlobalSection(SolutionConfigurationPlatforms) = preSolution
		Debug|Any CPU = Debug|Any CPU
		Release|Any CPU = Release|Any CPU
	EndGlobalSection
	GlobalSection(ProjectConfigurationPlatforms) = postSolution
		{9D0C6A70-1289-401A-3604-2F76492ECABC}.Debug|Any CPU.ActiveCfg = Debug|Any CPU
		{9D0C6A70-1289-401A-3604-2F76492ECABC}.Debug|Any CPU.Build.0 = Debug|Any CPU
		{9D0C6A70-1289-401A-3604-2F76492ECABC}.Release|Any CPU.ActiveCfg = Release|Any CPU
		{9D0C6A70-1289-401A-3604-2F76492ECABC}.Release|Any CPU.Build.0 = Release|Any CPU
		{9EE736D2-A88B-620D-B0A2-73A18A0107B0}.Debug|Any CPU.ActiveCfg = Debug|Any CPU
		{9EE736D2-A88B-620D-B0A2-73A18A0107B0}.Debug|Any CPU.Build.0 = Debug|Any CPU
		{9EE736D2-A88B-620D-B0A2-73A18A0107B0}.Release|Any CPU.ActiveCfg = Release|Any CPU
		{9EE736D2-A88B-620D-B0A2-73A18A0107B0}.Release|Any CPU.Build.0 = Release|Any CPU
		{7C2C0858-5604-7F0B-9176-7981F0525BAF}.Debug|Any CPU.ActiveCfg = Debug|Any CPU
		{7C2C0858-5604-7F0B-9176-7981F0525BAF}.Debug|Any CPU.Build.0 = Debug|Any CPU
		{7C2C0858-5604-7F0B-9176-7981F0525BAF}.Release|Any CPU.ActiveCfg = Release|Any CPU
		{7C2C0858-5604-7F0B-9176-7981F0525BAF}.Release|Any CPU.Build.0 = Release|Any CPU
	EndGlobalSection
	GlobalSection(SolutionProperties) = preSolution
		HideSolutionNode = FALSE
	EndGlobalSection
EndGlobal
